
Microsoft Visual Studio Solution File, Format Version 12.00
# Visual Studio Version 17
VisualStudioVersion = 17.3.32901.215
MinimumVisualStudioVersion = 10.0.40219.1
Project("{FAE04EC0-301F-11D3-BF4B-00C04F79EFBC}") = "Lesson1", "Lesson1\Lesson1.csproj", "{DF39F562-3BE9-48B8-8114-9E41BB2BD007}"
EndProject
Global
	GlobalSection(SolutionConfigurationPlatforms) = preSolution
		Debug|Any CPU = Debug|Any CPU
		Release|Any CPU = Release|Any CPU
	EndGlobalSection
	GlobalSection(ProjectConfigurationPlatforms) = postSolution
		{DF39F562-3BE9-48B8-8114-9E41BB2BD007}.Debug|Any CPU.ActiveCfg = Debug|Any CPU
		{DF39F562-3BE9-48B8-8114-9E41BB2BD007}.Debug|Any CPU.Build.0 = Debug|Any CPU
		{DF39F562-3BE9-48B8-8114-9E41BB2BD007}.Release|Any CPU.ActiveCfg = Release|Any CPU
		{DF39F562-3BE9-48B8-8114-9E41BB2BD007}.Release|Any CPU.Build.0 = Release|Any CPU
	EndGlobalSection
	GlobalSection(SolutionProperties) = preSolution
		HideSolutionNode = FALSE
	EndGlobalSection
	GlobalSection(ExtensibilityGlobals) = postSolution
		SolutionGuid = {4CFBDAD3-8404-4DF8-BF29-5E7B90E6A055}
	EndGlobalSection
EndGlobal
